
Microsoft Visual Studio Solution File, Format Version 12.00
# Visual Studio Version 16
VisualStudioVersion = 16.0.31112.23
MinimumVisualStudioVersion = 10.0.40219.1
Project("{FAE04EC0-301F-11D3-BF4B-00C04F79EFBC}") = "UqloadDownloader", "UqloadDownloader\UqloadDownloader.csproj", "{03FE0075-6BC8-4C83-BFDE-E2E45659F0FE}"
EndProject
Global
	GlobalSection(SolutionConfigurationPlatforms) = preSolution
		Debug|Any CPU = Debug|Any CPU
		Release|Any CPU = Release|Any CPU
	EndGlobalSection
	GlobalSection(ProjectConfigurationPlatforms) = postSolution
		{03FE0075-6BC8-4C83-BFDE-E2E45659F0FE}.Debug|Any CPU.ActiveCfg = Debug|Any CPU
		{03FE0075-6BC8-4C83-BFDE-E2E45659F0FE}.Debug|Any CPU.Build.0 = Debug|Any CPU
		{03FE0075-6BC8-4C83-BFDE-E2E45659F0FE}.Release|Any CPU.ActiveCfg = Release|Any CPU
		{03FE0075-6BC8-4C83-BFDE-E2E45659F0FE}.Release|Any CPU.Build.0 = Release|Any CPU
	EndGlobalSection
	GlobalSection(SolutionProperties) = preSolution
		HideSolutionNode = FALSE
	EndGlobalSection
	GlobalSection(ExtensibilityGlobals) = postSolution
		SolutionGuid = {63A8BC57-C894-4787-B5D7-F7549B313E59}
	EndGlobalSection
EndGlobal
